
Microsoft Visual Studio Solution File, Format Version 12.00
# Visual Studio 15
VisualStudioVersion = 15.0.28307.271
MinimumVisualStudioVersion = 10.0.40219.1
Project("{FAE04EC0-301F-11D3-BF4B-00C04F79EFBC}") = "Notifications", "Notifications\Notifications.csproj", "{85F01A7E-BC95-481F-8428-D7902755F39B}"
EndProject
Project("{FAE04EC0-301F-11D3-BF4B-00C04F79EFBC}") = "Notifications.Common", "Notifications.Common\Notifications.Common.csproj", "{DE34B6A5-7AA5-48E5-834F-CF6A3B9EB78F}"
EndProject
Project("{FAE04EC0-301F-11D3-BF4B-00C04F79EFBC}") = "Notifications.DataAccess", "Notifications.DataAccess\Notifications.DataAccess.csproj", "{070E1A99-D0E5-48A4-A552-16B11217D015}"
EndProject
Project("{FAE04EC0-301F-11D3-BF4B-00C04F79EFBC}") = "Notifications.Services", "Notifications.Services\Notifications.Services.csproj", "{1CEE7F73-E5AA-463A-870E-1BDB57310FA6}"
EndProject
Project("{FAE04EC0-301F-11D3-BF4B-00C04F79EFBC}") = "Notifications.Tests", "Notifications.Tests\Notifications.Tests.csproj", "{A2748A47-69AB-4A38-9DB9-377AF3994EB3}"
EndProject
Global
	GlobalSection(SolutionConfigurationPlatforms) = preSolution
		Debug|Any CPU = Debug|Any CPU
		Release|Any CPU = Release|Any CPU
	EndGlobalSection
	GlobalSection(ProjectConfigurationPlatforms) = postSolution
		{85F01A7E-BC95-481F-8428-D7902755F39B}.Debug|Any CPU.ActiveCfg = Debug|Any CPU
		{85F01A7E-BC95-481F-8428-D7902755F39B}.Debug|Any CPU.Build.0 = Debug|Any CPU
		{85F01A7E-BC95-481F-8428-D7902755F39B}.Release|Any CPU.ActiveCfg = Release|Any CPU
		{85F01A7E-BC95-481F-8428-D7902755F39B}.Release|Any CPU.Build.0 = Release|Any CPU
		{DE34B6A5-7AA5-48E5-834F-CF6A3B9EB78F}.Debug|Any CPU.ActiveCfg = Debug|Any CPU
		{DE34B6A5-7AA5-48E5-834F-CF6A3B9EB78F}.Debug|Any CPU.Build.0 = Debug|Any CPU
		{DE34B6A5-7AA5-48E5-834F-CF6A3B9EB78F}.Release|Any CPU.ActiveCfg = Release|Any CPU
		{DE34B6A5-7AA5-48E5-834F-CF6A3B9EB78F}.Release|Any CPU.Build.0 = Release|Any CPU
		{070E1A99-D0E5-48A4-A552-16B11217D015}.Debug|Any CPU.ActiveCfg = Debug|Any CPU
		{070E1A99-D0E5-48A4-A552-16B11217D015}.Debug|Any CPU.Build.0 = Debug|Any CPU
		{070E1A99-D0E5-48A4-A552-16B11217D015}.Release|Any CPU.ActiveCfg = Release|Any CPU
		{070E1A99-D0E5-48A4-A552-16B11217D015}.Release|Any CPU.Build.0 = Release|Any CPU
		{1CEE7F73-E5AA-463A-870E-1BDB57310FA6}.Debug|Any CPU.ActiveCfg = Debug|Any CPU
		{1CEE7F73-E5AA-463A-870E-1BDB57310FA6}.Debug|Any CPU.Build.0 = Debug|Any CPU
		{1CEE7F73-E5AA-463A-870E-1BDB57310FA6}.Release|Any CPU.ActiveCfg = Release|Any CPU
		{1CEE7F73-E5AA-463A-870E-1BDB57310FA6}.Release|Any CPU.Build.0 = Release|Any CPU
		{A2748A47-69AB-4A38-9DB9-377AF3994EB3}.Debug|Any CPU.ActiveCfg = Debug|Any CPU
		{A2748A47-69AB-4A38-9DB9-377AF3994EB3}.Debug|Any CPU.Build.0 = Debug|Any CPU
		{A2748A47-69AB-4A38-9DB9-377AF3994EB3}.Release|Any CPU.ActiveCfg = Release|Any CPU
		{A2748A47-69AB-4A38-9DB9-377AF3994EB3}.Release|Any CPU.Build.0 = Release|Any CPU
	EndGlobalSection
	GlobalSection(SolutionProperties) = preSolution
		HideSolutionNode = FALSE
	EndGlobalSection
	GlobalSection(ExtensibilityGlobals) = postSolution
		SolutionGuid = {27AF380D-908B-4944-BFD2-B7EF7BAA66B0}
	EndGlobalSection
EndGlobal
